github.com/Dorico-Dynamics/txova-go-core v1.0.0 h1:xPyNhHKu3zIUQ9R4b9flzd251gJn32vs1HX/Vzttf6M=
github.com/Dorico-Dynamics/txova-go-core v1.0.0/go.mod h1:Rwqq+wnlM+AETcwuhqKGHJOh8ljJ8GOG2hTvWgPUQTM=
github.com/Dorico-Dynamics/txova-go-types v1.1.2 h1:TwCagZrVoxyuamswvGPI4JfnZ5gkRGeDl0halTmk/3g=
github.com/Dorico-Dynamics/txova-go-types v1.1.2/go.mod h1:WkWIOXLkVwFu1wyLGm9U2R2dTECuTtEJTR8rIiA+dBw=
